
Microsoft Visual Studio Solution File, Format Version 12.00
# Visual Studio Version 17
VisualStudioVersion = 17.5.33502.453
MinimumVisualStudioVersion = 10.0.40219.1
Project("{2150E333-8FDC-42A3-9474-1A3956D46DE8}") = "Internal", "Internal", "{F7F04730-5F43-4803-9C28-0379E05D60B2}"
	ProjectSection(SolutionItems) = preProject
		Internal\.editorconfig = Internal\.editorconfig
	EndProjectSection
EndProject
Project("{2150E333-8FDC-42A3-9474-1A3956D46DE8}") = "Scripts", "Scripts", "{EC2BF556-2F5F-464A-BEF9-68A4B271753A}"
EndProject
Project("{2150E333-8FDC-42A3-9474-1A3956D46DE8}") = "Dlls", "Dlls", "{9CF2F0DF-AEFD-4D5F-9458-7EF2ED8B2B13}"
	ProjectSection(SolutionItems) = preProject
		Dlls\ABOUT.md = Dlls\ABOUT.md
	EndProjectSection
EndProject
Project("{2150E333-8FDC-42A3-9474-1A3956D46DE8}") = "CompanionFiles", "CompanionFiles", "{2E7711FA-D7A9-4089-8627-FCAC214F1C9E}"
EndProject
Project("{2150E333-8FDC-42A3-9474-1A3956D46DE8}") = "Skyline DataMiner", "Skyline DataMiner", "{401368EC-9520-4129-A6BF-6A7DEB4D91D8}"
	ProjectSection(SolutionItems) = preProject
		CompanionFiles\Skyline DataMiner\AboutThisFolder.md = CompanionFiles\Skyline DataMiner\AboutThisFolder.md
	EndProjectSection
EndProject
Project("{2150E333-8FDC-42A3-9474-1A3956D46DE8}") = "Documentation", "Documentation", "{C184F568-F9AB-4176-93C9-844C8528E741}"
	ProjectSection(SolutionItems) = preProject
		Documentation\ABOUT.md = Documentation\ABOUT.md
		README.md = README.md
	EndProjectSection
EndProject
Project("{2150E333-8FDC-42A3-9474-1A3956D46DE8}") = "Tests", "Tests", "{F8938D60-51A0-4880-9CFC-19C66379BB5D}"
EndProject
Project("{2150E333-8FDC-42A3-9474-1A3956D46DE8}") = "Code Analysis", "Code Analysis", "{BECCEF7F-19D8-40DB-935A-41FFBD221C24}"
	ProjectSection(SolutionItems) = preProject
		Internal\Code Analysis\qaction-debug.ruleset = Internal\Code Analysis\qaction-debug.ruleset
		Internal\Code Analysis\qaction-release.ruleset = Internal\Code Analysis\qaction-release.ruleset
		Internal\Code Analysis\stylecop.json = Internal\Code Analysis\stylecop.json
	EndProjectSection
EndProject
Project("{2150E333-8FDC-42A3-9474-1A3956D46DE8}") = "DMS Active ERR DB", "DMS Active ERR DB", "{38A64D76-7A33-48B4-95D9-98A999BAFEB8}"
	ProjectSection(SolutionItems) = preProject
		DMS Active ERR DB.xml = DMS Active ERR DB.xml
	EndProjectSection
EndProject
Project("{2150E333-8FDC-42A3-9474-1A3956D46DE8}") = "Actions", "Actions", "{02F049B5-12A3-4D64-A255-BC8F253929DC}"
EndProject
Project("{9A19103F-16F7-4668-BE54-9A1E7A4F7556}") = "DMS Active ERR DB_1", "DMS Active ERR DB_1\DMS Active ERR DB_1.csproj", "{2A1129B1-F03C-4949-90C8-62CCC0F82243}"
EndProject
Global
	GlobalSection(SolutionConfigurationPlatforms) = preSolution
		Debug|Any CPU = Debug|Any CPU
		Release|Any CPU = Release|Any CPU
	EndGlobalSection
	GlobalSection(ProjectConfigurationPlatforms) = postSolution
		{2A1129B1-F03C-4949-90C8-62CCC0F82243}.Debug|Any CPU.ActiveCfg = Debug|Any CPU
		{2A1129B1-F03C-4949-90C8-62CCC0F82243}.Debug|Any CPU.Build.0 = Debug|Any CPU
		{2A1129B1-F03C-4949-90C8-62CCC0F82243}.Release|Any CPU.ActiveCfg = Release|Any CPU
		{2A1129B1-F03C-4949-90C8-62CCC0F82243}.Release|Any CPU.Build.0 = Release|Any CPU
	EndGlobalSection
	GlobalSection(SolutionProperties) = preSolution
		HideSolutionNode = FALSE
	EndGlobalSection
	GlobalSection(NestedProjects) = preSolution
		{401368EC-9520-4129-A6BF-6A7DEB4D91D8} = {2E7711FA-D7A9-4089-8627-FCAC214F1C9E}
		{BECCEF7F-19D8-40DB-935A-41FFBD221C24} = {F7F04730-5F43-4803-9C28-0379E05D60B2}
		{38A64D76-7A33-48B4-95D9-98A999BAFEB8} = {EC2BF556-2F5F-464A-BEF9-68A4B271753A}
		{02F049B5-12A3-4D64-A255-BC8F253929DC} = {38A64D76-7A33-48B4-95D9-98A999BAFEB8}
		{2A1129B1-F03C-4949-90C8-62CCC0F82243} = {02F049B5-12A3-4D64-A255-BC8F253929DC}
	EndGlobalSection
	GlobalSection(ExtensibilityGlobals) = postSolution
		SolutionGuid = {A4D01117-6771-4BEA-A3EF-0BF1623B0C27}
	EndGlobalSection
EndGlobal
